
Microsoft Visual Studio Solution File, Format Version 12.00
# Visual Studio Version 17
VisualStudioVersion = 17.0.31903.59
MinimumVisualStudioVersion = 10.0.40219.1
Project("{9A19103F-16F7-4668-BE54-9A1E7A4F7556}") = "ToDoApp.API", "ToDoApp.API\ToDoApp.API.csproj", "{6BDB67DE-2E52-43CE-BD3F-AE16A28B0B90}"
EndProject
Project("{9A19103F-16F7-4668-BE54-9A1E7A4F7556}") = "ToDoApp.Application", "ToDoApp.Application\ToDoApp.Application.csproj", "{48347771-BC7A-4581-8094-C7CEE51EE9B2}"
EndProject
Project("{9A19103F-16F7-4668-BE54-9A1E7A4F7556}") = "ToDoApp.Domain", "ToDoApp.Domain\ToDoApp.Domain.csproj", "{9AD62203-3C3D-43F1-9DF2-0EBB3BE57F06}"
EndProject
Project("{9A19103F-16F7-4668-BE54-9A1E7A4F7556}") = "ToDoApp.Infrastructure", "ToDoApp.Infrastructure\ToDoApp.Infrastructure.csproj", "{E7960362-0DB8-4CAB-90E2-047C3928A6CF}"
EndProject
Project("{9A19103F-16F7-4668-BE54-9A1E7A4F7556}") = "ToDoApp.Tests", "ToDoApp.Tests\ToDoApp.Tests.csproj", "{4A455B3C-CF98-4BE1-8D63-7223C6FBC90E}"
EndProject
Global
	GlobalSection(SolutionConfigurationPlatforms) = preSolution
		Debug|Any CPU = Debug|Any CPU
		Release|Any CPU = Release|Any CPU
	EndGlobalSection
	GlobalSection(ProjectConfigurationPlatforms) = postSolution
		{6BDB67DE-2E52-43CE-BD3F-AE16A28B0B90}.Debug|Any CPU.ActiveCfg = Debug|Any CPU
		{6BDB67DE-2E52-43CE-BD3F-AE16A28B0B90}.Debug|Any CPU.Build.0 = Debug|Any CPU
		{6BDB67DE-2E52-43CE-BD3F-AE16A28B0B90}.Release|Any CPU.ActiveCfg = Release|Any CPU
		{6BDB67DE-2E52-43CE-BD3F-AE16A28B0B90}.Release|Any CPU.Build.0 = Release|Any CPU
		{48347771-BC7A-4581-8094-C7CEE51EE9B2}.Debug|Any CPU.ActiveCfg = Debug|Any CPU
		{48347771-BC7A-4581-8094-C7CEE51EE9B2}.Debug|Any CPU.Build.0 = Debug|Any CPU
		{48347771-BC7A-4581-8094-C7CEE51EE9B2}.Release|Any CPU.ActiveCfg = Release|Any CPU
		{48347771-BC7A-4581-8094-C7CEE51EE9B2}.Release|Any CPU.Build.0 = Release|Any CPU
		{9AD62203-3C3D-43F1-9DF2-0EBB3BE57F06}.Debug|Any CPU.ActiveCfg = Debug|Any CPU
		{9AD62203-3C3D-43F1-9DF2-0EBB3BE57F06}.Debug|Any CPU.Build.0 = Debug|Any CPU
		{9AD62203-3C3D-43F1-9DF2-0EBB3BE57F06}.Release|Any CPU.ActiveCfg = Release|Any CPU
		{9AD62203-3C3D-43F1-9DF2-0EBB3BE57F06}.Release|Any CPU.Build.0 = Release|Any CPU
		{E7960362-0DB8-4CAB-90E2-047C3928A6CF}.Debug|Any CPU.ActiveCfg = Debug|Any CPU
		{E7960362-0DB8-4CAB-90E2-047C3928A6CF}.Debug|Any CPU.Build.0 = Debug|Any CPU
		{E7960362-0DB8-4CAB-90E2-047C3928A6CF}.Release|Any CPU.ActiveCfg = Release|Any CPU
		{E7960362-0DB8-4CAB-90E2-047C3928A6CF}.Release|Any CPU.Build.0 = Release|Any CPU
		{4A455B3C-CF98-4BE1-8D63-7223C6FBC90E}.Debug|Any CPU.ActiveCfg = Debug|Any CPU
		{4A455B3C-CF98-4BE1-8D63-7223C6FBC90E}.Debug|Any CPU.Build.0 = Debug|Any CPU
		{4A455B3C-CF98-4BE1-8D63-7223C6FBC90E}.Release|Any CPU.ActiveCfg = Release|Any CPU
		{4A455B3C-CF98-4BE1-8D63-7223C6FBC90E}.Release|Any CPU.Build.0 = Release|Any CPU
	EndGlobalSection
	GlobalSection(SolutionProperties) = preSolution
		HideSolutionNode = FALSE
	EndGlobalSection
	GlobalSection(ExtensibilityGlobals) = postSolution
		SolutionGuid = {5652C270-0285-4ACA-BCA4-D3143E2E5467}
	EndGlobalSection
EndGlobal
